// !$*UTF8*$!
{
	archiveVersion = 1;
	classes = {
	};
	objectVersion = 56;
	objects = {

/* Begin PBXBuildFile section */
		EA74A5592C400F5300852476 /* AppDelegate.swift in Sources */ = {isa = PBXBuildFile; fileRef = EA74A5582C400F5300852476 /* AppDelegate.swift */; };
		EA74A55B2C400F5300852476 /* SceneDelegate.swift in Sources */ = {isa = PBXBuildFile; fileRef = EA74A55A2C400F5300852476 /* SceneDelegate.swift */; };
		EA74A55D2C400F5300852476 /* ViewController.swift in Sources */ = {isa = PBXBuildFile; fileRef = EA74A55C2C400F5300852476 /* ViewController.swift */; };
		EA74A5602C400F5300852476 /* Base in Resources */ = {isa = PBXBuildFile; fileRef = EA74A55F2C400F5300852476 /* Base */; };
		EA74A5622C400F5500852476 /* Assets.xcassets in Resources */ = {isa = PBXBuildFile; fileRef = EA74A5612C400F5500852476 /* Assets.xcassets */; };
		EA74A5652C400F5500852476 /* Base in Resources */ = {isa = PBXBuildFile; fileRef = EA74A5642C400F5500852476 /* Base */; };
		EA74A5702C400F5500852476 /* dicoding_firstTests.swift in Sources */ = {isa = PBXBuildFile; fileRef = EA74A56F2C400F5500852476 /* dicoding_firstTests.swift */; };
		EA74A57A2C400F5500852476 /* dicoding_firstUITests.swift in Sources */ = {isa = PBXBuildFile; fileRef = EA74A5792C400F5500852476 /* dicoding_firstUITests.swift */; };
		EA74A57C2C400F5500852476 /* dicoding_firstUITestsLaunchTests.swift in Sources */ = {isa = PBXBuildFile; fileRef = EA74A57B2C400F5500852476 /* dicoding_firstUITestsLaunchTests.swift */; };
/* End PBXBuildFile section */

/* Begin PBXContainerItemProxy section */
		EA74A56C2C400F5500852476 /* PBXContainerItemProxy */ = {
			isa = PBXContainerItemProxy;
			containerPortal = EA74A54D2C400F5300852476 /* Project object */;
			proxyType = 1;
			remoteGlobalIDString = EA74A5542C400F5300852476;
			remoteInfo = "dicoding-first";
		};
		EA74A5762C400F5500852476 /* PBXContainerItemProxy */ = {
			isa = PBXContainerItemProxy;
			containerPortal = EA74A54D2C400F5300852476 /* Project object */;
			proxyType = 1;
			remoteGlobalIDString = EA74A5542C400F5300852476;
			remoteInfo = "dicoding-first";
		};
/* End PBXContainerItemProxy section */

/* Begin PBXFileReference section */
		EA74A5552C400F5300852476 /* dicoding-first.app */ = {isa = PBXFileReference; explicitFileType = wrapper.application; includeInIndex = 0; path = "dicoding-first.app"; sourceTree = BUILT_PRODUCTS_DIR; };
		EA74A5582C400F5300852476 /* AppDelegate.swift */ = {isa = PBXFileReference; lastKnownFileType = sourcecode.swift; path = AppDelegate.swift; sourceTree = "<group>"; };
		EA74A55A2C400F5300852476 /* SceneDelegate.swift */ = {isa = PBXFileReference; lastKnownFileType = sourcecode.swift; path = SceneDelegate.swift; sourceTree = "<group>"; };
		EA74A55C2C400F5300852476 /* ViewController.swift */ = {isa = PBXFileReference; lastKnownFileType = sourcecode.swift; path = ViewController.swift; sourceTree = "<group>"; };
		EA74A55F2C400F5300852476 /* Base */ = {isa = PBXFileReference; lastKnownFileType = file.storyboard; name = Base; path = Base.lproj/Main.storyboard; sourceTree = "<group>"; };
		EA74A5612C400F5500852476 /* Assets.xcassets */ = {isa = PBXFileReference; lastKnownFileType = folder.assetcatalog; path = Assets.xcassets; sourceTree = "<group>"; };
		EA74A5642C400F5500852476 /* Base */ = {isa = PBXFileReference; lastKnownFileType = file.storyboard; name = Base; path = Base.lproj/LaunchScreen.storyboard; sourceTree = "<group>"; };
		EA74A5662C400F5500852476 /* Info.plist */ = {isa = PBXFileReference; lastKnownFileType = text.plist.xml; path = Info.plist; sourceTree = "<group>"; };
		EA74A56B2C400F5500852476 /* dicoding-firstTests.xctest */ = {isa = PBXFileReference; explicitFileType = wrapper.cfbundle; includeInIndex = 0; path = "dicoding-firstTests.xctest"; sourceTree = BUILT_PRODUCTS_DIR; };
		EA74A56F2C400F5500852476 /* dicoding_firstTests.swift */ = {isa = PBXFileReference; lastKnownFileType = sourcecode.swift; path = dicoding_firstTests.swift; sourceTree = "<group>"; };
		EA74A5752C400F5500852476 /* dicoding-firstUITests.xctest */ = {isa = PBXFileReference; explicitFileType = wrapper.cfbundle; includeInIndex = 0; path = "dicoding-firstUITests.xctest"; sourceTree = BUILT_PRODUCTS_DIR; };
		EA74A5792C400F5500852476 /* dicoding_firstUITests.swift */ = {isa = PBXFileReference; lastKnownFileType = sourcecode.swift; path = dicoding_firstUITests.swift; sourceTree = "<group>"; };
		EA74A57B2C400F5500852476 /* dicoding_firstUITestsLaunchTests.swift */ = {isa = PBXFileReference; lastKnownFileType = sourcecode.swift; path = dicoding_firstUITestsLaunchTests.swift; sourceTree = "<group>"; };
/* End PBXFileReference section */

/* Begin PBXFrameworksBuildPhase section */
		EA74A5522C400F5300852476 /* Frameworks */ = {
			isa = PBXFrameworksBuildPhase;
			buildActionMask = 2147483647;
			files = (
			);
			runOnlyForDeploymentPostprocessing = 0;
		};
		EA74A5682C400F5500852476 /* Frameworks */ = {
			isa = PBXFrameworksBuildPhase;
			buildActionMask = 2147483647;
			files = (
			);
			runOnlyForDeploymentPostprocessing = 0;
		};
		EA74A5722C400F5500852476 /* Frameworks */ = {
			isa = PBXFrameworksBuildPhase;
			buildActionMask = 2147483647;
			files = (
			);
			runOnlyForDeploymentPostprocessing = 0;
		};
/* End PBXFrameworksBuildPhase section */

/* Begin PBXGroup section */
		EA74A54C2C400F5300852476 = {
			isa = PBXGroup;
			children = (
				EA74A5572C400F5300852476 /* dicoding-first */,
				EA74A56E2C400F5500852476 /* dicoding-firstTests */,
				EA74A5782C400F5500852476 /* dicoding-firstUITests */,
				EA74A5562C400F5300852476 /* Products */,
			);
			sourceTree = "<group>";
		};
		EA74A5562C400F5300852476 /* Products */ = {
			isa = PBXGroup;
			children = (
				EA74A5552C400F5300852476 /* dicoding-first.app */,
				EA74A56B2C400F5500852476 /* dicoding-firstTests.xctest */,
				EA74A5752C400F5500852476 /* dicoding-firstUITests.xctest */,
			);
			name = Products;
			sourceTree = "<group>";
		};
		EA74A5572C400F5300852476 /* dicoding-first */ = {
			isa = PBXGroup;
			children = (
				EA74A5582C400F5300852476 /* AppDelegate.swift */,
				EA74A55A2C400F5300852476 /* SceneDelegate.swift */,
				EA74A55C2C400F5300852476 /* ViewController.swift */,
				EA74A55E2C400F5300852476 /* Main.storyboard */,
				EA74A5612C400F5500852476 /* Assets.xcassets */,
				EA74A5632C400F5500852476 /* LaunchScreen.storyboard */,
				EA74A5662C400F5500852476 /* Info.plist */,
			);
			path = "dicoding-first";
			sourceTree = "<group>";
		};
		EA74A56E2C400F5500852476 /* dicoding-firstTests */ = {
			isa = PBXGroup;
			children = (
				EA74A56F2C400F5500852476 /* dicoding_firstTests.swift */,
			);
			path = "dicoding-firstTests";
			sourceTree = "<group>";
		};
		EA74A5782C400F5500852476 /* dicoding-firstUITests */ = {
			isa = PBXGroup;
			children = (
				EA74A5792C400F5500852476 /* dicoding_firstUITests.swift */,
				EA74A57B2C400F5500852476 /* dicoding_firstUITestsLaunchTests.swift */,
			);
			path = "dicoding-firstUITests";
			sourceTree = "<group>";
		};
/* End PBXGroup section */

/* Begin PBXNativeTarget section */
		EA74A5542C400F5300852476 /* dicoding-first */ = {
			isa = PBXNativeTarget;
			buildConfigurationList = EA74A57F2C400F5500852476 /* Build configuration list for PBXNativeTarget "dicoding-first" */;
			buildPhases = (
				EA74A5512C400F5300852476 /* Sources */,
				EA74A5522C400F5300852476 /* Frameworks */,
				EA74A5532C400F5300852476 /* Resources */,
			);
			buildRules = (
			);
			dependencies = (
			);
			name = "dicoding-first";
			productName = "dicoding-first";
			productReference = EA74A5552C400F5300852476 /* dicoding-first.app */;
			productType = "com.apple.product-type.application";
		};
		EA74A56A2C400F5500852476 /* dicoding-firstTests */ = {
			isa = PBXNativeTarget;
			buildConfigurationList = EA74A5822C400F5500852476 /* Build configuration list for PBXNativeTarget "dicoding-firstTests" */;
			buildPhases = (
				EA74A5672C400F5500852476 /* Sources */,
				EA74A5682C400F5500852476 /* Frameworks */,
				EA74A5692C400F5500852476 /* Resources */,
			);
			buildRules = (
			);
			dependencies = (
				EA74A56D2C400F5500852476 /* PBXTargetDependency */,
			);
			name = "dicoding-firstTests";
			productName = "dicoding-firstTests";
			productReference = EA74A56B2C400F5500852476 /* dicoding-firstTests.xctest */;
			productType = "com.apple.product-type.bundle.unit-test";
		};
		EA74A5742C400F5500852476 /* dicoding-firstUITests */ = {
			isa = PBXNativeTarget;
			buildConfigurationList = EA74A5852C400F5500852476 /* Build configuration list for PBXNativeTarget "dicoding-firstUITests" */;
			buildPhases = (
				EA74A5712C400F5500852476 /* Sources */,
				EA74A5722C400F5500852476 /* Frameworks */,
				EA74A5732C400F5500852476 /* Resources */,
			);
			buildRules = (
			);
			dependencies = (
				EA74A5772C400F5500852476 /* PBXTargetDependency */,
			);
			name = "dicoding-firstUITests";
			productName = "dicoding-firstUITests";
			productReference = EA74A5752C400F5500852476 /* dicoding-firstUITests.xctest */;
			productType = "com.apple.product-type.bundle.ui-testing";
		};
/* End PBXNativeTarget section */

/* Begin PBXProject section */
		EA74A54D2C400F5300852476 /* Project object */ = {
			isa = PBXProject;
			attributes = {
				BuildIndependentTargetsInParallel = 1;
				LastSwiftUpdateCheck = 1540;
				LastUpgradeCheck = 1540;
				TargetAttributes = {
					EA74A5542C400F5300852476 = {
						CreatedOnToolsVersion = 15.4;
					};
					EA74A56A2C400F5500852476 = {
						CreatedOnToolsVersion = 15.4;
						TestTargetID = EA74A5542C400F5300852476;
					};
					EA74A5742C400F5500852476 = {
						CreatedOnToolsVersion = 15.4;
						TestTargetID = EA74A5542C400F5300852476;
					};
				};
			};
			buildConfigurationList = EA74A5502C400F5300852476 /* Build configuration list for PBXProject "dicoding-first" */;
			compatibilityVersion = "Xcode 14.0";
			developmentRegion = en;
			hasScannedForEncodings = 0;
			knownRegions = (
				en,
				Base,
			);
			mainGroup = EA74A54C2C400F5300852476;
			productRefGroup = EA74A5562C400F5300852476 /* Products */;
			projectDirPath = "";
			projectRoot = "";
			targets = (
				EA74A5542C400F5300852476 /* dicoding-first */,
				EA74A56A2C400F5500852476 /* dicoding-firstTests */,
				EA74A5742C400F5500852476 /* dicoding-firstUITests */,
			);
		};
/* End PBXProject section */

/* Begin PBXResourcesBuildPhase section */
		EA74A5532C400F5300852476 /* Resources */ = {
			isa = PBXResourcesBuildPhase;
			buildActionMask = 2147483647;
			files = (
				EA74A5622C400F5500852476 /* Assets.xcassets in Resources */,
				EA74A5652C400F5500852476 /* Base in Resources */,
				EA74A5602C400F5300852476 /* Base in Resources */,
			);
			runOnlyForDeploymentPostprocessing = 0;
		};
		EA74A5692C400F5500852476 /* Resources */ = {
			isa = PBXResourcesBuildPhase;
			buildActionMask = 2147483647;
			files = (
			);
			runOnlyForDeploymentPostprocessing = 0;
		};
		EA74A5732C400F5500852476 /* Resources */ = {
			isa = PBXResourcesBuildPhase;
			buildActionMask = 2147483647;
			files = (
			);
			runOnlyForDeploymentPostprocessing = 0;
		};
/* End PBXResourcesBuildPhase section */

/* Begin PBXSourcesBuildPhase section */
		EA74A5512C400F5300852476 /* Sources */ = {
			isa = PBXSourcesBuildPhase;
			buildActionMask = 2147483647;
			files = (
				EA74A55D2C400F5300852476 /* ViewController.swift in Sources */,
				EA74A5592C400F5300852476 /* AppDelegate.swift in Sources */,
				EA74A55B2C400F5300852476 /* SceneDelegate.swift in Sources */,
			);
			runOnlyForDeploymentPostprocessing = 0;
		};
		EA74A5672C400F5500852476 /* Sources */ = {
			isa = PBXSourcesBuildPhase;
			buildActionMask = 2147483647;
			files = (
				EA74A5702C400F5500852476 /* dicoding_firstTests.swift in Sources */,
			);
			runOnlyForDeploymentPostprocessing = 0;
		};
		EA74A5712C400F5500852476 /* Sources */ = {
			isa = PBXSourcesBuildPhase;
			buildActionMask = 2147483647;
			files = (
				EA74A57C2C400F5500852476 /* dicoding_firstUITestsLaunchTests.swift in Sources */,
				EA74A57A2C400F5500852476 /* dicoding_firstUITests.swift in Sources */,
			);
			runOnlyForDeploymentPostprocessing = 0;
		};
/* End PBXSourcesBuildPhase section */

/* Begin PBXTargetDependency section */
		EA74A56D2C400F5500852476 /* PBXTargetDependency */ = {
			isa = PBXTargetDependency;
			target = EA74A5542C400F5300852476 /* dicoding-first */;
			targetProxy = EA74A56C2C400F5500852476 /* PBXContainerItemProxy */;
		};
		EA74A5772C400F5500852476 /* PBXTargetDependency */ = {
			isa = PBXTargetDependency;
			target = EA74A5542C400F5300852476 /* dicoding-first */;
			targetProxy = EA74A5762C400F5500852476 /* PBXContainerItemProxy */;
		};
/* End PBXTargetDependency section */

/* Begin PBXVariantGroup section */
		EA74A55E2C400F5300852476 /* Main.storyboard */ = {
			isa = PBXVariantGroup;
			children = (
				EA74A55F2C400F5300852476 /* Base */,
			);
			name = Main.storyboard;
			sourceTree = "<group>";
		};
		EA74A5632C400F5500852476 /* LaunchScreen.storyboard */ = {
			isa = PBXVariantGroup;
			children = (
				EA74A5642C400F5500852476 /* Base */,
			);
			name = LaunchScreen.storyboard;
			sourceTree = "<group>";
		};
/* End PBXVariantGroup section */

/* Begin XCBuildConfiguration section */
		EA74A57D2C400F5500852476 /* Debug */ = {
			isa = XCBuildConfiguration;
			buildSettings = {
				ALWAYS_SEARCH_USER_PATHS = NO;
				ASSETCATALOG_COMPILER_GENERATE_SWIFT_ASSET_SYMBOL_EXTENSIONS = YES;
				CLANG_ANALYZER_NONNULL = YES;
				CLANG_ANALYZER_NUMBER_OBJECT_CONVERSION = YES_AGGRESSIVE;
				CLANG_CXX_LANGUAGE_STANDARD = "gnu++20";
				CLANG_ENABLE_MODULES = YES;
				CLANG_ENABLE_OBJC_ARC = YES;
				CLANG_ENABLE_OBJC_WEAK = YES;
				CLANG_WARN_BLOCK_CAPTURE_AUTORELEASING = YES;
				CLANG_WARN_BOOL_CONVERSION = YES;
				CLANG_WARN_COMMA = YES;
				CLANG_WARN_CONSTANT_CONVERSION = YES;
				CLANG_WARN_DEPRECATED_OBJC_IMPLEMENTATIONS = YES;
				CLANG_WARN_DIRECT_OBJC_ISA_USAGE = YES_ERROR;
				CLANG_WARN_DOCUMENTATION_COMMENTS = YES;
				CLANG_WARN_EMPTY_BODY = YES;
				CLANG_WARN_ENUM_CONVERSION = YES;
				CLANG_WARN_INFINITE_RECURSION = YES;
				CLANG_WARN_INT_CONVERSION = YES;
				CLANG_WARN_NON_LITERAL_NULL_CONVERSION = YES;
				CLANG_WARN_OBJC_IMPLICIT_RETAIN_SELF = YES;
				CLANG_WARN_OBJC_LITERAL_CONVERSION = YES;
				CLANG_WARN_OBJC_ROOT_CLASS = YES_ERROR;
				CLANG_WARN_QUOTED_INCLUDE_IN_FRAMEWORK_HEADER = YES;
				CLANG_WARN_RANGE_LOOP_ANALYSIS = YES;
				CLANG_WARN_STRICT_PROTOTYPES = YES;
				CLANG_WARN_SUSPICIOUS_MOVE = YES;
				CLANG_WARN_UNGUARDED_AVAILABILITY = YES_AGGRESSIVE;
				CLANG_WARN_UNREACHABLE_CODE = YES;
				CLANG_WARN__DUPLICATE_METHOD_MATCH = YES;
				COPY_PHASE_STRIP = NO;
				DEBUG_INFORMATION_FORMAT = dwarf;
				ENABLE_STRICT_OBJC_MSGSEND = YES;
				ENABLE_TESTABILITY = YES;
				ENABLE_USER_SCRIPT_SANDBOXING = YES;
				GCC_C_LANGUAGE_STANDARD = gnu17;
				GCC_DYNAMIC_NO_PIC = NO;
				GCC_NO_COMMON_BLOCKS = YES;
				GCC_OPTIMIZATION_LEVEL = 0;
				GCC_PREPROCESSOR_DEFINITIONS = (
					"DEBUG=1",
					"$(inherited)",
				);
				GCC_WARN_64_TO_32_BIT_CONVERSION = YES;
				GCC_WARN_ABOUT_RETURN_TYPE = YES_ERROR;
				GCC_WARN_UNDECLARED_SELECTOR = YES;
				GCC_WARN_UNINITIALIZED_AUTOS = YES_AGGRESSIVE;
				GCC_WARN_UNUSED_FUNCTION = YES;
				GCC_WARN_UNUSED_VARIABLE = YES;
				IPHONEOS_DEPLOYMENT_TARGET = 17.5;
				LOCALIZATION_PREFERS_STRING_CATALOGS = YES;
				MTL_ENABLE_DEBUG_INFO = INCLUDE_SOURCE;
				MTL_FAST_MATH = YES;
				ONLY_ACTIVE_ARCH = YES;
				SDKROOT = iphoneos;
				SWIFT_ACTIVE_COMPILATION_CONDITIONS = "DEBUG $(inherited)";
				SWIFT_OPTIMIZATION_LEVEL = "-Onone";
			};
			name = Debug;
		};
		EA74A57E2C400F5500852476 /* Release */ = {
			isa = XCBuildConfiguration;
			buildSettings = {
				ALWAYS_SEARCH_USER_PATHS = NO;
				ASSETCATALOG_COMPILER_GENERATE_SWIFT_ASSET_SYMBOL_EXTENSIONS = YES;
				CLANG_ANALYZER_NONNULL = YES;
				CLANG_ANALYZER_NUMBER_OBJECT_CONVERSION = YES_AGGRESSIVE;
				CLANG_CXX_LANGUAGE_STANDARD = "gnu++20";
				CLANG_ENABLE_MODULES = YES;
				CLANG_ENABLE_OBJC_ARC = YES;
				CLANG_ENABLE_OBJC_WEAK = YES;
				CLANG_WARN_BLOCK_CAPTURE_AUTORELEASING = YES;
				CLANG_WARN_BOOL_CONVERSION = YES;
				CLANG_WARN_COMMA = YES;
				CLANG_WARN_CONSTANT_CONVERSION = YES;
				CLANG_WARN_DEPRECATED_OBJC_IMPLEMENTATIONS = YES;
				CLANG_WARN_DIRECT_OBJC_ISA_USAGE = YES_ERROR;
				CLANG_WARN_DOCUMENTATION_COMMENTS = YES;
				CLANG_WARN_EMPTY_BODY = YES;
				CLANG_WARN_ENUM_CONVERSION = YES;
				CLANG_WARN_INFINITE_RECURSION = YES;
				CLANG_WARN_INT_CONVERSION = YES;
				CLANG_WARN_NON_LITERAL_NULL_CONVERSION = YES;
				CLANG_WARN_OBJC_IMPLICIT_RETAIN_SELF = YES;
				CLANG_WARN_OBJC_LITERAL_CONVERSION = YES;
				CLANG_WARN_OBJC_ROOT_CLASS = YES_ERROR;
				CLANG_WARN_QUOTED_INCLUDE_IN_FRAMEWORK_HEADER = YES;
				CLANG_WARN_RANGE_LOOP_ANALYSIS = YES;
				CLANG_WARN_STRICT_PROTOTYPES = YES;
				CLANG_WARN_SUSPICIOUS_MOVE = YES;
				CLANG_WARN_UNGUARDED_AVAILABILITY = YES_AGGRESSIVE;
				CLANG_WARN_UNREACHABLE_CODE = YES;
				CLANG_WARN__DUPLICATE_METHOD_MATCH = YES;
				COPY_PHASE_STRIP = NO;
				DEBUG_INFORMATION_FORMAT = "dwarf-with-dsym";
				ENABLE_NS_ASSERTIONS = NO;
				ENABLE_STRICT_OBJC_MSGSEND = YES;
				ENABLE_USER_SCRIPT_SANDBOXING = YES;
				GCC_C_LANGUAGE_STANDARD = gnu17;
				GCC_NO_COMMON_BLOCKS = YES;
				GCC_WARN_64_TO_32_BIT_CONVERSION = YES;
				GCC_WARN_ABOUT_RETURN_TYPE = YES_ERROR;
				GCC_WARN_UNDECLARED_SELECTOR = YES;
				GCC_WARN_UNINITIALIZED_AUTOS = YES_AGGRESSIVE;
				GCC_WARN_UNUSED_FUNCTION = YES;
				GCC_WARN_UNUSED_VARIABLE = YES;
				IPHONEOS_DEPLOYMENT_TARGET = 17.5;
				LOCALIZATION_PREFERS_STRING_CATALOGS = YES;
				MTL_ENABLE_DEBUG_INFO = NO;
				MTL_FAST_MATH = YES;
				SDKROOT = iphoneos;
				SWIFT_COMPILATION_MODE = wholemodule;
				VALIDATE_PRODUCT = YES;
			};
			name = Release;
		};
		EA74A5802C400F5500852476 /* Debug */ = {
			isa = XCBuildConfiguration;
			buildSettings = {
				ASSETCATALOG_COMPILER_APPICON_NAME = AppIcon;
				ASSETCATALOG_COMPILER_GLOBAL_ACCENT_COLOR_NAME = AccentColor;
				CODE_SIGN_STYLE = Automatic;
				CURRENT_PROJECT_VERSION = 1;
				DEVELOPMENT_TEAM = BVPC6QX93W;
				GENERATE_INFOPLIST_FILE = YES;
				INFOPLIST_FILE = "dicoding-first/Info.plist";
				INFOPLIST_KEY_UIApplicationSupportsIndirectInputEvents = YES;
				INFOPLIST_KEY_UILaunchStoryboardName = LaunchScreen;
				INFOPLIST_KEY_UIMainStoryboardFile = Main;
				INFOPLIST_KEY_UISupportedInterfaceOrientations_iPad = "UIInterfaceOrientationPortrait UIInterfaceOrientationPortraitUpsideDown UIInterfaceOrientationLandscapeLeft UIInterfaceOrientationLandscapeRight";
				INFOPLIST_KEY_UISupportedInterfaceOrientations_iPhone = "UIInterfaceOrientationPortrait UIInterfaceOrientationLandscapeLeft UIInterfaceOrientationLandscapeRight";
				LD_RUNPATH_SEARCH_PATHS = (
					"$(inherited)",
					"@executable_path/Frameworks",
				);
				MARKETING_VERSION = 1.0;
				PRODUCT_BUNDLE_IDENTIFIER = "com.rickyprimay.dicoding-first";
				PRODUCT_NAME = "$(TARGET_NAME)";
				SWIFT_EMIT_LOC_STRINGS = YES;
				SWIFT_VERSION = 5.0;
				TARGETED_DEVICE_FAMILY = "1,2";
			};
			name = Debug;
		};
		EA74A5812C400F5500852476 /* Release */ = {
			isa = XCBuildConfiguration;
			buildSettings = {
				ASSETCATALOG_COMPILER_APPICON_NAME = AppIcon;
				ASSETCATALOG_COMPILER_GLOBAL_ACCENT_COLOR_NAME = AccentColor;
				CODE_SIGN_STYLE = Automatic;
				CURRENT_PROJECT_VERSION = 1;
				DEVELOPMENT_TEAM = BVPC6QX93W;
				GENERATE_INFOPLIST_FILE = YES;
				INFOPLIST_FILE = "dicoding-first/Info.plist";
				INFOPLIST_KEY_UIApplicationSupportsIndirectInputEvents = YES;
				INFOPLIST_KEY_UILaunchStoryboardName = LaunchScreen;
				INFOPLIST_KEY_UIMainStoryboardFile = Main;
				INFOPLIST_KEY_UISupportedInterfaceOrientations_iPad = "UIInterfaceOrientationPortrait UIInterfaceOrientationPortraitUpsideDown UIInterfaceOrientationLandscapeLeft UIInterfaceOrientationLandscapeRight";
				INFOPLIST_KEY_UISupportedInterfaceOrientations_iPhone = "UIInterfaceOrientationPortrait UIInterfaceOrientationLandscapeLeft UIInterfaceOrientationLandscapeRight";
				LD_RUNPATH_SEARCH_PATHS = (
					"$(inherited)",
					"@executable_path/Frameworks",
				);
				MARKETING_VERSION = 1.0;
				PRODUCT_BUNDLE_IDENTIFIER = "com.rickyprimay.dicoding-first";
				PRODUCT_NAME = "$(TARGET_NAME)";
				SWIFT_EMIT_LOC_STRINGS = YES;
				SWIFT_VERSION = 5.0;
				TARGETED_DEVICE_FAMILY = "1,2";
			};
			name = Release;
		};
		EA74A5832C400F5500852476 /* Debug */ = {
			isa = XCBuildConfiguration;
			buildSettings = {
				ALWAYS_EMBED_SWIFT_STANDARD_LIBRARIES = YES;
				BUNDLE_LOADER = "$(TEST_HOST)";
				CODE_SIGN_STYLE = Automatic;
				CURRENT_PROJECT_VERSION = 1;
				DEVELOPMENT_TEAM = BVPC6QX93W;
				GENERATE_INFOPLIST_FILE = YES;
				IPHONEOS_DEPLOYMENT_TARGET = 17.5;
				MARKETING_VERSION = 1.0;
				PRODUCT_BUNDLE_IDENTIFIER = "com.rickyprimay.dicoding-firstTests";
				PRODUCT_NAME = "$(TARGET_NAME)";
				SWIFT_EMIT_LOC_STRINGS = NO;
				SWIFT_VERSION = 5.0;
				TARGETED_DEVICE_FAMILY = "1,2";
				TEST_HOST = "$(BUILT_PRODUCTS_DIR)/dicoding-first.app/$(BUNDLE_EXECUTABLE_FOLDER_PATH)/dicoding-first";
			};
			name = Debug;
		};
		EA74A5842C400F5500852476 /* Release */ = {
			isa = XCBuildConfiguration;
			buildSettings = {
				ALWAYS_EMBED_SWIFT_STANDARD_LIBRARIES = YES;
				BUNDLE_LOADER = "$(TEST_HOST)";
				CODE_SIGN_STYLE = Automatic;
				CURRENT_PROJECT_VERSION = 1;
				DEVELOPMENT_TEAM = BVPC6QX93W;
				GENERATE_INFOPLIST_FILE = YES;
				IPHONEOS_DEPLOYMENT_TARGET = 17.5;
				MARKETING_VERSION = 1.0;
				PRODUCT_BUNDLE_IDENTIFIER = "com.rickyprimay.dicoding-firstTests";
				PRODUCT_NAME = "$(TARGET_NAME)";
				SWIFT_EMIT_LOC_STRINGS = NO;
				SWIFT_VERSION = 5.0;
				TARGETED_DEVICE_FAMILY = "1,2";
				TEST_HOST = "$(BUILT_PRODUCTS_DIR)/dicoding-first.app/$(BUNDLE_EXECUTABLE_FOLDER_PATH)/dicoding-first";
			};
			name = Release;
		};
		EA74A5862C400F5500852476 /* Debug */ = {
			isa = XCBuildConfiguration;
			buildSettings = {
				ALWAYS_EMBED_SWIFT_STANDARD_LIBRARIES = YES;
				CODE_SIGN_STYLE = Automatic;
				CURRENT_PROJECT_VERSION = 1;
				DEVELOPMENT_TEAM = BVPC6QX93W;
				GENERATE_INFOPLIST_FILE = YES;
				MARKETING_VERSION = 1.0;
				PRODUCT_BUNDLE_IDENTIFIER = "com.rickyprimay.dicoding-firstUITests";
				PRODUCT_NAME = "$(TARGET_NAME)";
				SWIFT_EMIT_LOC_STRINGS = NO;
				SWIFT_VERSION = 5.0;
				TARGETED_DEVICE_FAMILY = "1,2";
				TEST_TARGET_NAME = "dicoding-first";
			};
			name = Debug;
		};
		EA74A5872C400F5500852476 /* Release */ = {
			isa = XCBuildConfiguration;
			buildSettings = {
				ALWAYS_EMBED_SWIFT_STANDARD_LIBRARIES = YES;
				CODE_SIGN_STYLE = Automatic;
				CURRENT_PROJECT_VERSION = 1;
				DEVELOPMENT_TEAM = BVPC6QX93W;
				GENERATE_INFOPLIST_FILE = YES;
				MARKETING_VERSION = 1.0;
				PRODUCT_BUNDLE_IDENTIFIER = "com.rickyprimay.dicoding-firstUITests";
				PRODUCT_NAME = "$(TARGET_NAME)";
				SWIFT_EMIT_LOC_STRINGS = NO;
				SWIFT_VERSION = 5.0;
				TARGETED_DEVICE_FAMILY = "1,2";
				TEST_TARGET_NAME = "dicoding-first";
			};
			name = Release;
		};
/* End XCBuildConfiguration section */

/* Begin XCConfigurationList section */
		EA74A5502C400F5300852476 /* Build configuration list for PBXProject "dicoding-first" */ = {
			isa = XCConfigurationList;
			buildConfigurations = (
				EA74A57D2C400F5500852476 /* Debug */,
				EA74A57E2C400F5500852476 /* Release */,
			);
			defaultConfigurationIsVisible = 0;
			defaultConfigurationName = Release;
		};
		EA74A57F2C400F5500852476 /* Build configuration list for PBXNativeTarget "dicoding-first" */ = {
			isa = XCConfigurationList;
			buildConfigurations = (
				EA74A5802C400F5500852476 /* Debug */,
				EA74A5812C400F5500852476 /* Release */,
			);
			defaultConfigurationIsVisible = 0;
			defaultConfigurationName = Release;
		};
		EA74A5822C400F5500852476 /* Build configuration list for PBXNativeTarget "dicoding-firstTests" */ = {
			isa = XCConfigurationList;
			buildConfigurations = (
				EA74A5832C400F5500852476 /* Debug */,
				EA74A5842C400F5500852476 /* Release */,
			);
			defaultConfigurationIsVisible = 0;
			defaultConfigurationName = Release;
		};
		EA74A5852C400F5500852476 /* Build configuration list for PBXNativeTarget "dicoding-firstUITests" */ = {
			isa = XCConfigurationList;
			buildConfigurations = (
				EA74A5862C400F5500852476 /* Debug */,
				EA74A5872C400F5500852476 /* Release */,
			);
			defaultConfigurationIsVisible = 0;
			defaultConfigurationName = Release;
		};
/* End XCConfigurationList section */
	};
	rootObject = EA74A54D2C400F5300852476 /* Project object */;
}
